
Microsoft Visual Studio Solution File, Format Version 12.00
# Visual Studio Version 16
VisualStudioVersion = 16.0.30204.135
MinimumVisualStudioVersion = 10.0.40219.1
Project("{FAE04EC0-301F-11D3-BF4B-00C04F79EFBC}") = "Weather.WebApi", "RealCommerce\Weather.WebApi.csproj", "{A38D09B8-F7E0-4070-8F4D-765FE555D0B9}"
EndProject
Project("{FAE04EC0-301F-11D3-BF4B-00C04F79EFBC}") = "Weather.DAL", "Weather.DAL\Weather.DAL.csproj", "{0C6B3A34-CB98-4399-9684-E0EB43DE44F5}"
EndProject
Project("{FAE04EC0-301F-11D3-BF4B-00C04F79EFBC}") = "Weather.BL", "Weather.BL\Weather.BL.csproj", "{EA278429-CCFC-4253-A63B-B67387E4825F}"
EndProject
Global
	GlobalSection(SolutionConfigurationPlatforms) = preSolution
		Debug|Any CPU = Debug|Any CPU
		Release|Any CPU = Release|Any CPU
	EndGlobalSection
	GlobalSection(ProjectConfigurationPlatforms) = postSolution
		{A38D09B8-F7E0-4070-8F4D-765FE555D0B9}.Debug|Any CPU.ActiveCfg = Debug|Any CPU
		{A38D09B8-F7E0-4070-8F4D-765FE555D0B9}.Debug|Any CPU.Build.0 = Debug|Any CPU
		{A38D09B8-F7E0-4070-8F4D-765FE555D0B9}.Release|Any CPU.ActiveCfg = Release|Any CPU
		{A38D09B8-F7E0-4070-8F4D-765FE555D0B9}.Release|Any CPU.Build.0 = Release|Any CPU
		{0C6B3A34-CB98-4399-9684-E0EB43DE44F5}.Debug|Any CPU.ActiveCfg = Debug|Any CPU
		{0C6B3A34-CB98-4399-9684-E0EB43DE44F5}.Debug|Any CPU.Build.0 = Debug|Any CPU
		{0C6B3A34-CB98-4399-9684-E0EB43DE44F5}.Release|Any CPU.ActiveCfg = Release|Any CPU
		{0C6B3A34-CB98-4399-9684-E0EB43DE44F5}.Release|Any CPU.Build.0 = Release|Any CPU
		{EA278429-CCFC-4253-A63B-B67387E4825F}.Debug|Any CPU.ActiveCfg = Debug|Any CPU
		{EA278429-CCFC-4253-A63B-B67387E4825F}.Debug|Any CPU.Build.0 = Debug|Any CPU
		{EA278429-CCFC-4253-A63B-B67387E4825F}.Release|Any CPU.ActiveCfg = Release|Any CPU
		{EA278429-CCFC-4253-A63B-B67387E4825F}.Release|Any CPU.Build.0 = Release|Any CPU
	EndGlobalSection
	GlobalSection(SolutionProperties) = preSolution
		HideSolutionNode = FALSE
	EndGlobalSection
	GlobalSection(ExtensibilityGlobals) = postSolution
		SolutionGuid = {21AAEFBA-B01C-4C39-99E0-44B197EAB3DA}
	EndGlobalSection
EndGlobal
